
Microsoft Visual Studio Solution File, Format Version 12.00
# Visual Studio 2012
Project("{F184B08F-C81C-45F6-A57F-5ABD9991F28F}") = "Zions", "Zions\Zions.vbproj", "{716F63F5-39F5-4695-A41A-FAAE87E09122}"
EndProject
Global
	GlobalSection(SolutionConfigurationPlatforms) = preSolution
		Debug|Any CPU = Debug|Any CPU
		Release|Any CPU = Release|Any CPU
	EndGlobalSection
	GlobalSection(ProjectConfigurationPlatforms) = postSolution
		{716F63F5-39F5-4695-A41A-FAAE87E09122}.Debug|Any CPU.ActiveCfg = Release|Any CPU
		{716F63F5-39F5-4695-A41A-FAAE87E09122}.Debug|Any CPU.Build.0 = Release|Any CPU
		{716F63F5-39F5-4695-A41A-FAAE87E09122}.Release|Any CPU.ActiveCfg = Release|Any CPU
		{716F63F5-39F5-4695-A41A-FAAE87E09122}.Release|Any CPU.Build.0 = Release|Any CPU
	EndGlobalSection
	GlobalSection(SolutionProperties) = preSolution
		HideSolutionNode = FALSE
	EndGlobalSection
EndGlobal
