
Microsoft Visual Studio Solution File, Format Version 12.00
# Visual Studio 15
VisualStudioVersion = 15.0.28307.757
MinimumVisualStudioVersion = 10.0.40219.1
Project("{F184B08F-C81C-45F6-A57F-5ABD9991F28F}") = "XP2_APEX_1_12", "XP2_APEX_1_12\XP2_APEX_1_12.vbproj", "{0914D691-8AFD-467A-B748-3E7DEB2BE13D}"
EndProject
Project("{F184B08F-C81C-45F6-A57F-5ABD9991F28F}") = "XP2_APEX_2_12", "XP2_APEX_2_12\XP2_APEX_2_12.vbproj", "{C5F289DB-537B-4266-9BA8-018CDD8F0554}"
EndProject
Project("{F184B08F-C81C-45F6-A57F-5ABD9991F28F}") = "XP2_APEX_1_13", "XP2_APEX_1_13\XP2_APEX_1_13.vbproj", "{25640627-58A8-4BC1-98CA-3D3A24AC618E}"
EndProject
Project("{F184B08F-C81C-45F6-A57F-5ABD9991F28F}") = "XP2_APEX_2_13", "XP2_APEX_2_13\XP2_APEX_2_13.vbproj", "{04E5E095-B48F-4887-B941-AB43199F3138}"
EndProject
Project("{F184B08F-C81C-45F6-A57F-5ABD9991F28F}") = "XP2_APEX_1_14", "XP2_APEX_1_14\XP2_APEX_1_14.vbproj", "{1260CC55-4DD7-4A47-A342-035AADCD88D9}"
EndProject
Project("{F184B08F-C81C-45F6-A57F-5ABD9991F28F}") = "XP_APEX_2_14", "XP_APEX_2_14\XP_APEX_2_14.vbproj", "{342ED120-7AAC-43FC-8C8D-329144E45958}"
EndProject
Project("{F184B08F-C81C-45F6-A57F-5ABD9991F28F}") = "XP2_APEX_2015_1", "XP2_APEX_2015_1\XP2_APEX_2015_1.vbproj", "{05F310EA-E557-4182-A20D-86EB308E5AE9}"
EndProject
Project("{F184B08F-C81C-45F6-A57F-5ABD9991F28F}") = "XP2_APEX_2015_2", "XP2_APEX_2015_2\XP2_APEX_2015_2.vbproj", "{3EF7CABB-6378-49C8-A50F-4ACA8EA9672D}"
EndProject
Project("{F184B08F-C81C-45F6-A57F-5ABD9991F28F}") = "XP2_APEX_2016_1", "XP2_APEX_2016_1\XP2_APEX_2016_1.vbproj", "{D57A1465-0721-4009-9DC6-AD2BB7A9CDA6}"
EndProject
Project("{F184B08F-C81C-45F6-A57F-5ABD9991F28F}") = "XP2_APEX_2016_2", "XP2_APEX_2016_2\XP2_APEX_2016_2.vbproj", "{B7D58CDF-382E-4196-9A9A-9202AC2D52B4}"
EndProject
Project("{F184B08F-C81C-45F6-A57F-5ABD9991F28F}") = "XP2_APEX_2017_1", "XP2_APEX_2017_1\XP2_APEX_2017_1.vbproj", "{5E15FA37-2A0C-4382-9F03-EDF7B43C3715}"
EndProject
Project("{F184B08F-C81C-45F6-A57F-5ABD9991F28F}") = "XP2_APEX_2017_2", "XP2_APEX_2017_2\XP2_APEX_2017_2.vbproj", "{9E7CE11D-48BA-49A2-A9C5-B19913EB8EED}"
EndProject
Project("{F184B08F-C81C-45F6-A57F-5ABD9991F28F}") = "XP2_APEX_2018_1", "XP2_APEX_2018_1\XP2_APEX_2018_1.vbproj", "{6E86F429-5BFE-4A2D-812C-DE745BCE09E3}"
EndProject
Project("{F184B08F-C81C-45F6-A57F-5ABD9991F28F}") = "XP2_APEX_2018_2", "XP2_APEX_2018_2\XP2_APEX_2018_2.vbproj", "{1B42EC79-75EA-4628-A128-D643F1BC6E74}"
EndProject
Project("{F184B08F-C81C-45F6-A57F-5ABD9991F28F}") = "XP2_APEX_2019_1", "XP2_APEX_2019_1\XP2_APEX_2019_1.vbproj", "{25E0EB7F-C38A-4C6E-9079-6B6077C37E5B}"
EndProject
Project("{F184B08F-C81C-45F6-A57F-5ABD9991F28F}") = "XP2_APEX_2019_2", "XP2_APEX_2019_2\XP2_APEX_2019_2.vbproj", "{66564CE9-49C7-46BB-82D6-1D3E0D0E7CF1}"
EndProject
Project("{F184B08F-C81C-45F6-A57F-5ABD9991F28F}") = "XP2_APEX_2020_1", "XP2_APEX_2020_1\XP2_APEX_2020_1.vbproj", "{02EEE667-C9B7-4F2A-A7A4-0FCA01558DA9}"
EndProject
Project("{F184B08F-C81C-45F6-A57F-5ABD9991F28F}") = "XP2_APEX_2020_2", "XP2_APEX_2020_2\XP2_APEX_2020_2.vbproj", "{0D8A22EA-03A8-4342-8CBF-625ECF013B66}"
EndProject
Global
	GlobalSection(SolutionConfigurationPlatforms) = preSolution
		Debug|Any CPU = Debug|Any CPU
		Release|Any CPU = Release|Any CPU
	EndGlobalSection
	GlobalSection(ProjectConfigurationPlatforms) = postSolution
		{0914D691-8AFD-467A-B748-3E7DEB2BE13D}.Debug|Any CPU.ActiveCfg = Release|Any CPU
		{0914D691-8AFD-467A-B748-3E7DEB2BE13D}.Debug|Any CPU.Build.0 = Release|Any CPU
		{0914D691-8AFD-467A-B748-3E7DEB2BE13D}.Release|Any CPU.ActiveCfg = Release|Any CPU
		{0914D691-8AFD-467A-B748-3E7DEB2BE13D}.Release|Any CPU.Build.0 = Release|Any CPU
		{C5F289DB-537B-4266-9BA8-018CDD8F0554}.Debug|Any CPU.ActiveCfg = Release|Any CPU
		{C5F289DB-537B-4266-9BA8-018CDD8F0554}.Debug|Any CPU.Build.0 = Release|Any CPU
		{C5F289DB-537B-4266-9BA8-018CDD8F0554}.Release|Any CPU.ActiveCfg = Release|Any CPU
		{C5F289DB-537B-4266-9BA8-018CDD8F0554}.Release|Any CPU.Build.0 = Release|Any CPU
		{25640627-58A8-4BC1-98CA-3D3A24AC618E}.Debug|Any CPU.ActiveCfg = Release|Any CPU
		{25640627-58A8-4BC1-98CA-3D3A24AC618E}.Debug|Any CPU.Build.0 = Release|Any CPU
		{25640627-58A8-4BC1-98CA-3D3A24AC618E}.Release|Any CPU.ActiveCfg = Release|Any CPU
		{25640627-58A8-4BC1-98CA-3D3A24AC618E}.Release|Any CPU.Build.0 = Release|Any CPU
		{04E5E095-B48F-4887-B941-AB43199F3138}.Debug|Any CPU.ActiveCfg = Release|Any CPU
		{04E5E095-B48F-4887-B941-AB43199F3138}.Debug|Any CPU.Build.0 = Release|Any CPU
		{04E5E095-B48F-4887-B941-AB43199F3138}.Release|Any CPU.ActiveCfg = Release|Any CPU
		{04E5E095-B48F-4887-B941-AB43199F3138}.Release|Any CPU.Build.0 = Release|Any CPU
		{1260CC55-4DD7-4A47-A342-035AADCD88D9}.Debug|Any CPU.ActiveCfg = Release|Any CPU
		{1260CC55-4DD7-4A47-A342-035AADCD88D9}.Debug|Any CPU.Build.0 = Release|Any CPU
		{1260CC55-4DD7-4A47-A342-035AADCD88D9}.Release|Any CPU.ActiveCfg = Release|Any CPU
		{1260CC55-4DD7-4A47-A342-035AADCD88D9}.Release|Any CPU.Build.0 = Release|Any CPU
		{342ED120-7AAC-43FC-8C8D-329144E45958}.Debug|Any CPU.ActiveCfg = Release|Any CPU
		{342ED120-7AAC-43FC-8C8D-329144E45958}.Debug|Any CPU.Build.0 = Release|Any CPU
		{342ED120-7AAC-43FC-8C8D-329144E45958}.Release|Any CPU.ActiveCfg = Release|Any CPU
		{342ED120-7AAC-43FC-8C8D-329144E45958}.Release|Any CPU.Build.0 = Release|Any CPU
		{05F310EA-E557-4182-A20D-86EB308E5AE9}.Debug|Any CPU.ActiveCfg = Release|Any CPU
		{05F310EA-E557-4182-A20D-86EB308E5AE9}.Debug|Any CPU.Build.0 = Release|Any CPU
		{05F310EA-E557-4182-A20D-86EB308E5AE9}.Release|Any CPU.ActiveCfg = Release|Any CPU
		{05F310EA-E557-4182-A20D-86EB308E5AE9}.Release|Any CPU.Build.0 = Release|Any CPU
		{3EF7CABB-6378-49C8-A50F-4ACA8EA9672D}.Debug|Any CPU.ActiveCfg = Release|Any CPU
		{3EF7CABB-6378-49C8-A50F-4ACA8EA9672D}.Debug|Any CPU.Build.0 = Release|Any CPU
		{3EF7CABB-6378-49C8-A50F-4ACA8EA9672D}.Release|Any CPU.ActiveCfg = Release|Any CPU
		{3EF7CABB-6378-49C8-A50F-4ACA8EA9672D}.Release|Any CPU.Build.0 = Release|Any CPU
		{D57A1465-0721-4009-9DC6-AD2BB7A9CDA6}.Debug|Any CPU.ActiveCfg = Release|Any CPU
		{D57A1465-0721-4009-9DC6-AD2BB7A9CDA6}.Debug|Any CPU.Build.0 = Release|Any CPU
		{D57A1465-0721-4009-9DC6-AD2BB7A9CDA6}.Release|Any CPU.ActiveCfg = Release|Any CPU
		{D57A1465-0721-4009-9DC6-AD2BB7A9CDA6}.Release|Any CPU.Build.0 = Release|Any CPU
		{B7D58CDF-382E-4196-9A9A-9202AC2D52B4}.Debug|Any CPU.ActiveCfg = Release|Any CPU
		{B7D58CDF-382E-4196-9A9A-9202AC2D52B4}.Debug|Any CPU.Build.0 = Release|Any CPU
		{B7D58CDF-382E-4196-9A9A-9202AC2D52B4}.Release|Any CPU.ActiveCfg = Release|Any CPU
		{B7D58CDF-382E-4196-9A9A-9202AC2D52B4}.Release|Any CPU.Build.0 = Release|Any CPU
		{5E15FA37-2A0C-4382-9F03-EDF7B43C3715}.Debug|Any CPU.ActiveCfg = Release|Any CPU
		{5E15FA37-2A0C-4382-9F03-EDF7B43C3715}.Debug|Any CPU.Build.0 = Release|Any CPU
		{5E15FA37-2A0C-4382-9F03-EDF7B43C3715}.Release|Any CPU.ActiveCfg = Release|Any CPU
		{5E15FA37-2A0C-4382-9F03-EDF7B43C3715}.Release|Any CPU.Build.0 = Release|Any CPU
		{9E7CE11D-48BA-49A2-A9C5-B19913EB8EED}.Debug|Any CPU.ActiveCfg = Release|Any CPU
		{9E7CE11D-48BA-49A2-A9C5-B19913EB8EED}.Debug|Any CPU.Build.0 = Release|Any CPU
		{9E7CE11D-48BA-49A2-A9C5-B19913EB8EED}.Release|Any CPU.ActiveCfg = Release|Any CPU
		{9E7CE11D-48BA-49A2-A9C5-B19913EB8EED}.Release|Any CPU.Build.0 = Release|Any CPU
		{6E86F429-5BFE-4A2D-812C-DE745BCE09E3}.Debug|Any CPU.ActiveCfg = Release|Any CPU
		{6E86F429-5BFE-4A2D-812C-DE745BCE09E3}.Debug|Any CPU.Build.0 = Release|Any CPU
		{6E86F429-5BFE-4A2D-812C-DE745BCE09E3}.Release|Any CPU.ActiveCfg = Release|Any CPU
		{6E86F429-5BFE-4A2D-812C-DE745BCE09E3}.Release|Any CPU.Build.0 = Release|Any CPU
		{1B42EC79-75EA-4628-A128-D643F1BC6E74}.Debug|Any CPU.ActiveCfg = Release|Any CPU
		{1B42EC79-75EA-4628-A128-D643F1BC6E74}.Debug|Any CPU.Build.0 = Release|Any CPU
		{1B42EC79-75EA-4628-A128-D643F1BC6E74}.Release|Any CPU.ActiveCfg = Release|Any CPU
		{1B42EC79-75EA-4628-A128-D643F1BC6E74}.Release|Any CPU.Build.0 = Release|Any CPU
		{25E0EB7F-C38A-4C6E-9079-6B6077C37E5B}.Debug|Any CPU.ActiveCfg = Release|Any CPU
		{25E0EB7F-C38A-4C6E-9079-6B6077C37E5B}.Debug|Any CPU.Build.0 = Release|Any CPU
		{25E0EB7F-C38A-4C6E-9079-6B6077C37E5B}.Release|Any CPU.ActiveCfg = Release|Any CPU
		{25E0EB7F-C38A-4C6E-9079-6B6077C37E5B}.Release|Any CPU.Build.0 = Release|Any CPU
		{66564CE9-49C7-46BB-82D6-1D3E0D0E7CF1}.Debug|Any CPU.ActiveCfg = Debug|Any CPU
		{66564CE9-49C7-46BB-82D6-1D3E0D0E7CF1}.Debug|Any CPU.Build.0 = Debug|Any CPU
		{66564CE9-49C7-46BB-82D6-1D3E0D0E7CF1}.Release|Any CPU.ActiveCfg = Release|Any CPU
		{66564CE9-49C7-46BB-82D6-1D3E0D0E7CF1}.Release|Any CPU.Build.0 = Release|Any CPU
		{66564CE9-49C7-46BB-82D6-1D3E0D0E7CF1}.Release|Any CPU.Deploy.0 = Release|Any CPU
		{02EEE667-C9B7-4F2A-A7A4-0FCA01558DA9}.Debug|Any CPU.ActiveCfg = Release|Any CPU
		{02EEE667-C9B7-4F2A-A7A4-0FCA01558DA9}.Debug|Any CPU.Build.0 = Release|Any CPU
		{02EEE667-C9B7-4F2A-A7A4-0FCA01558DA9}.Release|Any CPU.ActiveCfg = Release|Any CPU
		{02EEE667-C9B7-4F2A-A7A4-0FCA01558DA9}.Release|Any CPU.Build.0 = Release|Any CPU
		{0D8A22EA-03A8-4342-8CBF-625ECF013B66}.Debug|Any CPU.ActiveCfg = Release|Any CPU
		{0D8A22EA-03A8-4342-8CBF-625ECF013B66}.Debug|Any CPU.Build.0 = Release|Any CPU
		{0D8A22EA-03A8-4342-8CBF-625ECF013B66}.Release|Any CPU.ActiveCfg = Release|Any CPU
		{0D8A22EA-03A8-4342-8CBF-625ECF013B66}.Release|Any CPU.Build.0 = Release|Any CPU
	EndGlobalSection
	GlobalSection(SolutionProperties) = preSolution
		HideSolutionNode = FALSE
	EndGlobalSection
	GlobalSection(ExtensibilityGlobals) = postSolution
		SolutionGuid = {09F7CB85-DE7F-4B5A-8C21-BBEDDEEB485C}
	EndGlobalSection
EndGlobal
