
Microsoft Visual Studio Solution File, Format Version 12.00
# Visual Studio 15
VisualStudioVersion = 15.0.28307.757
MinimumVisualStudioVersion = 10.0.40219.1
Project("{F184B08F-C81C-45F6-A57F-5ABD9991F28F}") = "LoansPQWSWrappers", "LoansPQWSWrappers\LoansPQWSWrappers.vbproj", "{398685E1-2107-40FF-8EF4-09CB9D1C39F2}"
EndProject
Project("{F184B08F-C81C-45F6-A57F-5ABD9991F28F}") = "Acumen", "LoansPQWSWrappers.Acumen\Acumen\Acumen.vbproj", "{BEA5242B-6816-4DA0-9856-787A27BC54E4}"
EndProject
Project("{F184B08F-C81C-45F6-A57F-5ABD9991F28F}") = "AFCU", "LoansPQWSWrappers.AFCU\AFCU\AFCU.vbproj", "{2E9DB9AC-DF10-45FE-B49A-D3B4178BA43B}"
EndProject
Project("{F184B08F-C81C-45F6-A57F-5ABD9991F28F}") = "BridgerInsightXG34", "LoansPQWSWrappers.BridgerInsightXG34\BridgerInsightXG34\BridgerInsightXG34.vbproj", "{1F7D658F-3906-4632-9813-E1C9508E48E3}"
EndProject
Project("{F184B08F-C81C-45F6-A57F-5ABD9991F28F}") = "ConnectWare", "LoansPQWSWrappers.ConnectWare\ConnectWare\ConnectWare.vbproj", "{84DCDE4C-8582-4A67-A33A-B56B583FC755}"
EndProject
Project("{F184B08F-C81C-45F6-A57F-5ABD9991F28F}") = "CUnify", "LoansPQWSWrappers.CUnify\CUnify\CUnify.vbproj", "{112D4629-D4FA-462D-8FB0-2176B9420A01}"
EndProject
Project("{F184B08F-C81C-45F6-A57F-5ABD9991F28F}") = "DeluxeDetectService9", "LoansPQWSWrappers.DeluxeDetectService_9\DeluxeDetectService9\DeluxeDetectService9.vbproj", "{53CC12CD-96FE-4497-965A-0BE2AB53124E}"
EndProject
Project("{F184B08F-C81C-45F6-A57F-5ABD9991F28F}") = "IWCDocumentService", "LoansPQWSWrappers.IWCDocumentService\IWCDocumentService\IWCDocumentService.vbproj", "{AA868FDE-3024-4200-875F-B96C15168F9A}"
EndProject
Project("{F184B08F-C81C-45F6-A57F-5ABD9991F28F}") = "IWCEncryptPassword", "LoansPQWSWrappers.IWCEncryptPassword\IWCEncryptPassword\IWCEncryptPassword.vbproj", "{618D77CC-EC77-45DA-B502-B86035B84335}"
EndProject
Project("{F184B08F-C81C-45F6-A57F-5ABD9991F28F}") = "JXChange20111", "LoansPQWSWrappers.JXChange_2012\JXChange20111\JXChange20111.vbproj", "{D9CF4DBE-E35F-4CD7-884B-241006B584FD}"
EndProject
Project("{F184B08F-C81C-45F6-A57F-5ABD9991F28F}") = "JXChange201211", "LoansPQWSWrappers.JXChange_2012\JXChange201211\JXChange201211.vbproj", "{F2D70157-4E7A-4224-8D43-FE7FE123C8D3}"
EndProject
Project("{F184B08F-C81C-45F6-A57F-5ABD9991F28F}") = "JXChange2013100", "LoansPQWSWrappers.JXChange_2012\JXChange2013100\JXChange2013100.vbproj", "{DCF1B97F-84B2-4497-84F4-CB89522A2CF0}"
EndProject
Project("{F184B08F-C81C-45F6-A57F-5ABD9991F28F}") = "JXChange2013101", "LoansPQWSWrappers.JXChange_2012\JXChange2013101\JXChange2013101.vbproj", "{ED3BA942-79C6-4840-A05D-0BC823F6021B}"
EndProject
Project("{F184B08F-C81C-45F6-A57F-5ABD9991F28F}") = "JXChange2014008", "LoansPQWSWrappers.JXChange_2012\JXChange2014008\JXChange2014008.vbproj", "{C044B2A7-FADA-463C-8E5C-C720A6DF20DF}"
EndProject
Project("{F184B08F-C81C-45F6-A57F-5ABD9991F28F}") = "KBB3", "LoansPQWSWrappers.KBB_2012\KBB3.0\KBB3.vbproj", "{F2FF8E9A-72A6-4181-863D-F30D0B1F5552}"
EndProject
Project("{F184B08F-C81C-45F6-A57F-5ABD9991F28F}") = "NADAOther2", "LoansPQWSWrappers.NADAOther2\PowerSport\NADAOther2.vbproj", "{19C7424B-5A9D-482A-BF1F-A35D5E48EED1}"
EndProject
Project("{F184B08F-C81C-45F6-A57F-5ABD9991F28F}") = "OpenPath_2012_1_0_24", "LoansPQWSWrappers.OpenPath\OpenPath_2012_1_0_24\OpenPath_2012_1_0_24.vbproj", "{7F0BB546-E22B-48DA-9995-0878A950C549}"
EndProject
Project("{F184B08F-C81C-45F6-A57F-5ABD9991F28F}") = "OpenPath_2012_1_1_0", "LoansPQWSWrappers.OpenPath\OpenPath_2012_1_1_0\OpenPath_2012_1_1_0.vbproj", "{19E61C48-84C6-423B-A2C8-B2C3DF2AB70D}"
EndProject
Project("{F184B08F-C81C-45F6-A57F-5ABD9991F28F}") = "OpenPath_2012_1_7_0", "LoansPQWSWrappers.OpenPath\OpenPath_2012_1_7_0\OpenPath_2012_1_7_0.vbproj", "{399F6C29-63E8-4B73-8DD7-63F5C7AB21BD}"
EndProject
Project("{F184B08F-C81C-45F6-A57F-5ABD9991F28F}") = "OpenPath_2013_1_0_3", "LoansPQWSWrappers.OpenPath\OpenPath_2013_1_0_3\OpenPath_2013_1_0_3.vbproj", "{C724AFA7-44FB-442C-B4A8-481C495947AF}"
EndProject
Project("{F184B08F-C81C-45F6-A57F-5ABD9991F28F}") = "OpenPath_2013_1_1_15", "LoansPQWSWrappers.OpenPath\OpenPath_2013_1_1_15\OpenPath_2013_1_1_15.vbproj", "{D1801F50-C878-4BAD-BB23-3EC41B91DBB5}"
EndProject
Project("{F184B08F-C81C-45F6-A57F-5ABD9991F28F}") = "OpenPath_2013_1_3_2", "LoansPQWSWrappers.OpenPath\OpenPath_2013_1_3_2\OpenPath_2013_1_3_2.vbproj", "{220939AD-0703-401A-AC37-BA5DC87E4880}"
EndProject
Project("{F184B08F-C81C-45F6-A57F-5ABD9991F28F}") = "OpenPath_2014_0_0_30", "LoansPQWSWrappers.OpenPath\OpenPath_2014_0_0_30\OpenPath_2014_0_0_30.vbproj", "{30351600-87F8-48DE-AC05-D4D16447D812}"
EndProject
Project("{F184B08F-C81C-45F6-A57F-5ABD9991F28F}") = "SecurityService", "LoansPQWSWrappers.SecurityService\SecurityService\SecurityService.vbproj", "{7A2AAFC0-A319-4856-A93B-D9A86FAFBCF1}"
EndProject
Project("{F184B08F-C81C-45F6-A57F-5ABD9991F28F}") = "TeSignLite", "LoansPQWSWrappers.TeSignLite\TeSignLite\TeSignLite.vbproj", "{BFA92216-7D17-4A4B-A0C4-042F42A46CC3}"
EndProject
Project("{F184B08F-C81C-45F6-A57F-5ABD9991F28F}") = "XP_APEX_2_14", "LoansPQWSWrappers.XP2\XP_APEX_2_14\XP_APEX_2_14.vbproj", "{342ED120-7AAC-43FC-8C8D-329144E45958}"
EndProject
Project("{F184B08F-C81C-45F6-A57F-5ABD9991F28F}") = "XP2_APEX_1_12", "LoansPQWSWrappers.XP2\XP2_APEX_1_12\XP2_APEX_1_12.vbproj", "{0914D691-8AFD-467A-B748-3E7DEB2BE13D}"
EndProject
Project("{F184B08F-C81C-45F6-A57F-5ABD9991F28F}") = "XP2_APEX_1_13", "LoansPQWSWrappers.XP2\XP2_APEX_1_13\XP2_APEX_1_13.vbproj", "{25640627-58A8-4BC1-98CA-3D3A24AC618E}"
EndProject
Project("{F184B08F-C81C-45F6-A57F-5ABD9991F28F}") = "XP2_APEX_1_14", "LoansPQWSWrappers.XP2\XP2_APEX_1_14\XP2_APEX_1_14.vbproj", "{1260CC55-4DD7-4A47-A342-035AADCD88D9}"
EndProject
Project("{F184B08F-C81C-45F6-A57F-5ABD9991F28F}") = "XP2_APEX_2_12", "LoansPQWSWrappers.XP2\XP2_APEX_2_12\XP2_APEX_2_12.vbproj", "{C5F289DB-537B-4266-9BA8-018CDD8F0554}"
EndProject
Project("{F184B08F-C81C-45F6-A57F-5ABD9991F28F}") = "XP2_APEX_2_13", "LoansPQWSWrappers.XP2\XP2_APEX_2_13\XP2_APEX_2_13.vbproj", "{04E5E095-B48F-4887-B941-AB43199F3138}"
EndProject
Project("{F184B08F-C81C-45F6-A57F-5ABD9991F28F}") = "XP2_APEX_2015_1", "LoansPQWSWrappers.XP2\XP2_APEX_2015_1\XP2_APEX_2015_1.vbproj", "{05F310EA-E557-4182-A20D-86EB308E5AE9}"
EndProject
Project("{F184B08F-C81C-45F6-A57F-5ABD9991F28F}") = "XP2_APEX_2015_2", "LoansPQWSWrappers.XP2\XP2_APEX_2015_2\XP2_APEX_2015_2.vbproj", "{3EF7CABB-6378-49C8-A50F-4ACA8EA9672D}"
EndProject
Project("{F184B08F-C81C-45F6-A57F-5ABD9991F28F}") = "XP2_APEX_2016_1", "LoansPQWSWrappers.XP2\XP2_APEX_2016_1\XP2_APEX_2016_1.vbproj", "{D57A1465-0721-4009-9DC6-AD2BB7A9CDA6}"
EndProject
Project("{F184B08F-C81C-45F6-A57F-5ABD9991F28F}") = "FiservCPS", "LoansPQWSWrappers.FiservCPS\FiservCPS\FiservCPS.vbproj", "{54DF7224-FEB5-4291-90D3-472EB18C1D68}"
EndProject
Project("{F184B08F-C81C-45F6-A57F-5ABD9991F28F}") = "IQQService14", "LoansPQWSWrappers.IQQService14\IQQService14.vbproj", "{1AA0129F-56BA-4A25-8F21-47E7FA9A1E3D}"
EndProject
Project("{F184B08F-C81C-45F6-A57F-5ABD9991F28F}") = "UnityService", "LoansPQWSWrappers.Unity\UnityInterfaceService\UnityService.vbproj", "{FF92BF2A-BFBD-4C3B-A589-909AB65048B5}"
EndProject
Project("{F184B08F-C81C-45F6-A57F-5ABD9991F28F}") = "VAIS", "LoansPQWSWrappers.VAIS\VAIS\VAIS.vbproj", "{8D43060B-E8D0-4E03-8436-6EE132008FD8}"
EndProject
Project("{F184B08F-C81C-45F6-A57F-5ABD9991F28F}") = "CULearn", "LoansPQWSWrappers.CULearn\CULearn\CULearn.vbproj", "{80AB7330-F9B3-4DE2-A5B2-0ADFC7BBC814}"
EndProject
Project("{F184B08F-C81C-45F6-A57F-5ABD9991F28F}") = "JXChange2017302", "LoansPQWSWrappers.JXChange_2012\JXChange2017302\JXChange2017302.vbproj", "{D369C2ED-A8A8-4BCD-9E22-FF260C084027}"
EndProject
Project("{F184B08F-C81C-45F6-A57F-5ABD9991F28F}") = "BridgerWS10", "LoansPQWSWrappers.BridgerWS10\BridgerWS10\BridgerWS10.vbproj", "{95EB96C0-7281-434D-ADF2-42FCEC9D580F}"
EndProject
Project("{F184B08F-C81C-45F6-A57F-5ABD9991F28F}") = "DeluxeDetectService2015", "LoansPQWSWrappers.DeluxeDetectService_2015\DeluxeDetectService2015\DeluxeDetectService2015.vbproj", "{D7E81424-E26A-4B8E-A3A5-FE4BCD77F5B7}"
EndProject
Project("{F184B08F-C81C-45F6-A57F-5ABD9991F28F}") = "Zions", "LoansPQWSWrappers.Zions\Zions\Zions.vbproj", "{716F63F5-39F5-4695-A41A-FAAE87E09122}"
EndProject
Project("{F184B08F-C81C-45F6-A57F-5ABD9991F28F}") = "OpenPath_2015_4_0_2", "LoansPQWSWrappers.OpenPath\OpenPath_2015_4_0_2\OpenPath_2015_4_0_2.vbproj", "{A2C7C469-3A69-47A4-9327-6BEF8861CCE6}"
EndProject
Project("{F184B08F-C81C-45F6-A57F-5ABD9991F28F}") = "OpenPath_2015_5_0_0", "LoansPQWSWrappers.OpenPath\OpenPath_2015_5_0_0\OpenPath_2015_5_0_0.vbproj", "{0CFE9C5E-FB7E-4D3D-A92F-4382C81C581A}"
EndProject
Project("{F184B08F-C81C-45F6-A57F-5ABD9991F28F}") = "OpenPath_2016_0_0_85", "LoansPQWSWrappers.OpenPath\OpenPath_2016_0_0_85\OpenPath_2016_0_0_85.vbproj", "{63205EAB-BD13-432D-BC1F-3D56BC40266F}"
EndProject
Project("{F184B08F-C81C-45F6-A57F-5ABD9991F28F}") = "OpenPath_2018_1_1_16", "LoansPQWSWrappers.OpenPath\OpenPath_2018_1_1_16\OpenPath_2018_1_1_16.vbproj", "{78C1082F-38B4-4DD8-9723-9A280AFBADB5}"
EndProject
Project("{F184B08F-C81C-45F6-A57F-5ABD9991F28F}") = "XP2_APEX_2016_2", "LoansPQWSWrappers.XP2\XP2_APEX_2016_2\XP2_APEX_2016_2.vbproj", "{B7D58CDF-382E-4196-9A9A-9202AC2D52B4}"
EndProject
Project("{F184B08F-C81C-45F6-A57F-5ABD9991F28F}") = "XP2_APEX_2017_1", "LoansPQWSWrappers.XP2\XP2_APEX_2017_1\XP2_APEX_2017_1.vbproj", "{5E15FA37-2A0C-4382-9F03-EDF7B43C3715}"
EndProject
Project("{F184B08F-C81C-45F6-A57F-5ABD9991F28F}") = "XP2_APEX_2017_2", "LoansPQWSWrappers.XP2\XP2_APEX_2017_2\XP2_APEX_2017_2.vbproj", "{9E7CE11D-48BA-49A2-A9C5-B19913EB8EED}"
EndProject
Project("{F184B08F-C81C-45F6-A57F-5ABD9991F28F}") = "JXChange20110", "LoansPQWSWrappers.JXChange_2012\JXChange20110\JXChange20110.vbproj", "{191A21EC-8E89-438D-A581-5ABDDFF24AEF}"
EndProject
Project("{F184B08F-C81C-45F6-A57F-5ABD9991F28F}") = "XP2_APEX_2018_1", "LoansPQWSWrappers.XP2\XP2_APEX_2018_1\XP2_APEX_2018_1.vbproj", "{6E86F429-5BFE-4A2D-812C-DE745BCE09E3}"
EndProject
Project("{F184B08F-C81C-45F6-A57F-5ABD9991F28F}") = "FISBizChexV12", "LoansPQWSWrappers.FISBizChexV12\FISBizChexV12.vbproj", "{531644F8-3424-4324-BE74-2F70DF25FCCA}"
EndProject
Project("{F184B08F-C81C-45F6-A57F-5ABD9991F28F}") = "LendingQB.Loans", "LoansPQWSWrappers.LendingQB.Loans\LendingQB.Loans\LendingQB.Loans.vbproj", "{E12DA0C1-3A35-4C2A-AA30-728528A940A0}"
EndProject
Project("{F184B08F-C81C-45F6-A57F-5ABD9991F28F}") = "LendingQB.QuickPricer", "LoansPQWSWrappers.LendingQB.QuickPricer\LendingQB.QuickPricer\LendingQB.QuickPricer.vbproj", "{4069E210-773A-4A30-BC15-71279A91122D}"
EndProject
Global
	GlobalSection(SolutionConfigurationPlatforms) = preSolution
		Debug|Any CPU = Debug|Any CPU
		Release|Any CPU = Release|Any CPU
	EndGlobalSection
	GlobalSection(ProjectConfigurationPlatforms) = postSolution
		{398685E1-2107-40FF-8EF4-09CB9D1C39F2}.Debug|Any CPU.ActiveCfg = Debug|Any CPU
		{398685E1-2107-40FF-8EF4-09CB9D1C39F2}.Debug|Any CPU.Build.0 = Debug|Any CPU
		{398685E1-2107-40FF-8EF4-09CB9D1C39F2}.Release|Any CPU.ActiveCfg = Release|Any CPU
		{398685E1-2107-40FF-8EF4-09CB9D1C39F2}.Release|Any CPU.Build.0 = Release|Any CPU
		{BEA5242B-6816-4DA0-9856-787A27BC54E4}.Debug|Any CPU.ActiveCfg = Debug|Any CPU
		{BEA5242B-6816-4DA0-9856-787A27BC54E4}.Debug|Any CPU.Build.0 = Debug|Any CPU
		{BEA5242B-6816-4DA0-9856-787A27BC54E4}.Release|Any CPU.ActiveCfg = Release|Any CPU
		{BEA5242B-6816-4DA0-9856-787A27BC54E4}.Release|Any CPU.Build.0 = Release|Any CPU
		{2E9DB9AC-DF10-45FE-B49A-D3B4178BA43B}.Debug|Any CPU.ActiveCfg = Debug|Any CPU
		{2E9DB9AC-DF10-45FE-B49A-D3B4178BA43B}.Debug|Any CPU.Build.0 = Debug|Any CPU
		{2E9DB9AC-DF10-45FE-B49A-D3B4178BA43B}.Release|Any CPU.ActiveCfg = Release|Any CPU
		{2E9DB9AC-DF10-45FE-B49A-D3B4178BA43B}.Release|Any CPU.Build.0 = Release|Any CPU
		{1F7D658F-3906-4632-9813-E1C9508E48E3}.Debug|Any CPU.ActiveCfg = Debug|Any CPU
		{1F7D658F-3906-4632-9813-E1C9508E48E3}.Debug|Any CPU.Build.0 = Debug|Any CPU
		{1F7D658F-3906-4632-9813-E1C9508E48E3}.Release|Any CPU.ActiveCfg = Release|Any CPU
		{1F7D658F-3906-4632-9813-E1C9508E48E3}.Release|Any CPU.Build.0 = Release|Any CPU
		{84DCDE4C-8582-4A67-A33A-B56B583FC755}.Debug|Any CPU.ActiveCfg = Debug|Any CPU
		{84DCDE4C-8582-4A67-A33A-B56B583FC755}.Debug|Any CPU.Build.0 = Debug|Any CPU
		{84DCDE4C-8582-4A67-A33A-B56B583FC755}.Release|Any CPU.ActiveCfg = Release|Any CPU
		{84DCDE4C-8582-4A67-A33A-B56B583FC755}.Release|Any CPU.Build.0 = Release|Any CPU
		{112D4629-D4FA-462D-8FB0-2176B9420A01}.Debug|Any CPU.ActiveCfg = Debug|Any CPU
		{112D4629-D4FA-462D-8FB0-2176B9420A01}.Debug|Any CPU.Build.0 = Debug|Any CPU
		{112D4629-D4FA-462D-8FB0-2176B9420A01}.Release|Any CPU.ActiveCfg = Release|Any CPU
		{112D4629-D4FA-462D-8FB0-2176B9420A01}.Release|Any CPU.Build.0 = Release|Any CPU
		{53CC12CD-96FE-4497-965A-0BE2AB53124E}.Debug|Any CPU.ActiveCfg = Debug|Any CPU
		{53CC12CD-96FE-4497-965A-0BE2AB53124E}.Debug|Any CPU.Build.0 = Debug|Any CPU
		{53CC12CD-96FE-4497-965A-0BE2AB53124E}.Release|Any CPU.ActiveCfg = Release|Any CPU
		{53CC12CD-96FE-4497-965A-0BE2AB53124E}.Release|Any CPU.Build.0 = Release|Any CPU
		{AA868FDE-3024-4200-875F-B96C15168F9A}.Debug|Any CPU.ActiveCfg = Debug|Any CPU
		{AA868FDE-3024-4200-875F-B96C15168F9A}.Debug|Any CPU.Build.0 = Debug|Any CPU
		{AA868FDE-3024-4200-875F-B96C15168F9A}.Release|Any CPU.ActiveCfg = Release|Any CPU
		{AA868FDE-3024-4200-875F-B96C15168F9A}.Release|Any CPU.Build.0 = Release|Any CPU
		{618D77CC-EC77-45DA-B502-B86035B84335}.Debug|Any CPU.ActiveCfg = Debug|Any CPU
		{618D77CC-EC77-45DA-B502-B86035B84335}.Debug|Any CPU.Build.0 = Debug|Any CPU
		{618D77CC-EC77-45DA-B502-B86035B84335}.Release|Any CPU.ActiveCfg = Release|Any CPU
		{618D77CC-EC77-45DA-B502-B86035B84335}.Release|Any CPU.Build.0 = Release|Any CPU
		{D9CF4DBE-E35F-4CD7-884B-241006B584FD}.Debug|Any CPU.ActiveCfg = Debug|Any CPU
		{D9CF4DBE-E35F-4CD7-884B-241006B584FD}.Debug|Any CPU.Build.0 = Debug|Any CPU
		{D9CF4DBE-E35F-4CD7-884B-241006B584FD}.Release|Any CPU.ActiveCfg = Release|Any CPU
		{D9CF4DBE-E35F-4CD7-884B-241006B584FD}.Release|Any CPU.Build.0 = Release|Any CPU
		{F2D70157-4E7A-4224-8D43-FE7FE123C8D3}.Debug|Any CPU.ActiveCfg = Debug|Any CPU
		{F2D70157-4E7A-4224-8D43-FE7FE123C8D3}.Debug|Any CPU.Build.0 = Debug|Any CPU
		{F2D70157-4E7A-4224-8D43-FE7FE123C8D3}.Release|Any CPU.ActiveCfg = Release|Any CPU
		{F2D70157-4E7A-4224-8D43-FE7FE123C8D3}.Release|Any CPU.Build.0 = Release|Any CPU
		{DCF1B97F-84B2-4497-84F4-CB89522A2CF0}.Debug|Any CPU.ActiveCfg = Debug|Any CPU
		{DCF1B97F-84B2-4497-84F4-CB89522A2CF0}.Debug|Any CPU.Build.0 = Debug|Any CPU
		{DCF1B97F-84B2-4497-84F4-CB89522A2CF0}.Release|Any CPU.ActiveCfg = Release|Any CPU
		{DCF1B97F-84B2-4497-84F4-CB89522A2CF0}.Release|Any CPU.Build.0 = Release|Any CPU
		{ED3BA942-79C6-4840-A05D-0BC823F6021B}.Debug|Any CPU.ActiveCfg = Debug|Any CPU
		{ED3BA942-79C6-4840-A05D-0BC823F6021B}.Debug|Any CPU.Build.0 = Debug|Any CPU
		{ED3BA942-79C6-4840-A05D-0BC823F6021B}.Release|Any CPU.ActiveCfg = Release|Any CPU
		{ED3BA942-79C6-4840-A05D-0BC823F6021B}.Release|Any CPU.Build.0 = Release|Any CPU
		{C044B2A7-FADA-463C-8E5C-C720A6DF20DF}.Debug|Any CPU.ActiveCfg = Debug|Any CPU
		{C044B2A7-FADA-463C-8E5C-C720A6DF20DF}.Debug|Any CPU.Build.0 = Debug|Any CPU
		{C044B2A7-FADA-463C-8E5C-C720A6DF20DF}.Release|Any CPU.ActiveCfg = Release|Any CPU
		{C044B2A7-FADA-463C-8E5C-C720A6DF20DF}.Release|Any CPU.Build.0 = Release|Any CPU
		{F2FF8E9A-72A6-4181-863D-F30D0B1F5552}.Debug|Any CPU.ActiveCfg = Debug|Any CPU
		{F2FF8E9A-72A6-4181-863D-F30D0B1F5552}.Debug|Any CPU.Build.0 = Debug|Any CPU
		{F2FF8E9A-72A6-4181-863D-F30D0B1F5552}.Release|Any CPU.ActiveCfg = Release|Any CPU
		{F2FF8E9A-72A6-4181-863D-F30D0B1F5552}.Release|Any CPU.Build.0 = Release|Any CPU
		{19C7424B-5A9D-482A-BF1F-A35D5E48EED1}.Debug|Any CPU.ActiveCfg = Debug|Any CPU
		{19C7424B-5A9D-482A-BF1F-A35D5E48EED1}.Debug|Any CPU.Build.0 = Debug|Any CPU
		{19C7424B-5A9D-482A-BF1F-A35D5E48EED1}.Release|Any CPU.ActiveCfg = Release|Any CPU
		{19C7424B-5A9D-482A-BF1F-A35D5E48EED1}.Release|Any CPU.Build.0 = Release|Any CPU
		{7F0BB546-E22B-48DA-9995-0878A950C549}.Debug|Any CPU.ActiveCfg = Debug|Any CPU
		{7F0BB546-E22B-48DA-9995-0878A950C549}.Debug|Any CPU.Build.0 = Debug|Any CPU
		{7F0BB546-E22B-48DA-9995-0878A950C549}.Release|Any CPU.ActiveCfg = Release|Any CPU
		{7F0BB546-E22B-48DA-9995-0878A950C549}.Release|Any CPU.Build.0 = Release|Any CPU
		{19E61C48-84C6-423B-A2C8-B2C3DF2AB70D}.Debug|Any CPU.ActiveCfg = Debug|Any CPU
		{19E61C48-84C6-423B-A2C8-B2C3DF2AB70D}.Debug|Any CPU.Build.0 = Debug|Any CPU
		{19E61C48-84C6-423B-A2C8-B2C3DF2AB70D}.Release|Any CPU.ActiveCfg = Release|Any CPU
		{19E61C48-84C6-423B-A2C8-B2C3DF2AB70D}.Release|Any CPU.Build.0 = Release|Any CPU
		{399F6C29-63E8-4B73-8DD7-63F5C7AB21BD}.Debug|Any CPU.ActiveCfg = Debug|Any CPU
		{399F6C29-63E8-4B73-8DD7-63F5C7AB21BD}.Debug|Any CPU.Build.0 = Debug|Any CPU
		{399F6C29-63E8-4B73-8DD7-63F5C7AB21BD}.Release|Any CPU.ActiveCfg = Release|Any CPU
		{399F6C29-63E8-4B73-8DD7-63F5C7AB21BD}.Release|Any CPU.Build.0 = Release|Any CPU
		{C724AFA7-44FB-442C-B4A8-481C495947AF}.Debug|Any CPU.ActiveCfg = Debug|Any CPU
		{C724AFA7-44FB-442C-B4A8-481C495947AF}.Debug|Any CPU.Build.0 = Debug|Any CPU
		{C724AFA7-44FB-442C-B4A8-481C495947AF}.Release|Any CPU.ActiveCfg = Release|Any CPU
		{C724AFA7-44FB-442C-B4A8-481C495947AF}.Release|Any CPU.Build.0 = Release|Any CPU
		{D1801F50-C878-4BAD-BB23-3EC41B91DBB5}.Debug|Any CPU.ActiveCfg = Debug|Any CPU
		{D1801F50-C878-4BAD-BB23-3EC41B91DBB5}.Debug|Any CPU.Build.0 = Debug|Any CPU
		{D1801F50-C878-4BAD-BB23-3EC41B91DBB5}.Release|Any CPU.ActiveCfg = Release|Any CPU
		{D1801F50-C878-4BAD-BB23-3EC41B91DBB5}.Release|Any CPU.Build.0 = Release|Any CPU
		{220939AD-0703-401A-AC37-BA5DC87E4880}.Debug|Any CPU.ActiveCfg = Debug|Any CPU
		{220939AD-0703-401A-AC37-BA5DC87E4880}.Debug|Any CPU.Build.0 = Debug|Any CPU
		{220939AD-0703-401A-AC37-BA5DC87E4880}.Release|Any CPU.ActiveCfg = Release|Any CPU
		{220939AD-0703-401A-AC37-BA5DC87E4880}.Release|Any CPU.Build.0 = Release|Any CPU
		{30351600-87F8-48DE-AC05-D4D16447D812}.Debug|Any CPU.ActiveCfg = Debug|Any CPU
		{30351600-87F8-48DE-AC05-D4D16447D812}.Debug|Any CPU.Build.0 = Debug|Any CPU
		{30351600-87F8-48DE-AC05-D4D16447D812}.Release|Any CPU.ActiveCfg = Release|Any CPU
		{30351600-87F8-48DE-AC05-D4D16447D812}.Release|Any CPU.Build.0 = Release|Any CPU
		{7A2AAFC0-A319-4856-A93B-D9A86FAFBCF1}.Debug|Any CPU.ActiveCfg = Debug|Any CPU
		{7A2AAFC0-A319-4856-A93B-D9A86FAFBCF1}.Debug|Any CPU.Build.0 = Debug|Any CPU
		{7A2AAFC0-A319-4856-A93B-D9A86FAFBCF1}.Release|Any CPU.ActiveCfg = Release|Any CPU
		{7A2AAFC0-A319-4856-A93B-D9A86FAFBCF1}.Release|Any CPU.Build.0 = Release|Any CPU
		{BFA92216-7D17-4A4B-A0C4-042F42A46CC3}.Debug|Any CPU.ActiveCfg = Debug|Any CPU
		{BFA92216-7D17-4A4B-A0C4-042F42A46CC3}.Debug|Any CPU.Build.0 = Debug|Any CPU
		{BFA92216-7D17-4A4B-A0C4-042F42A46CC3}.Release|Any CPU.ActiveCfg = Release|Any CPU
		{BFA92216-7D17-4A4B-A0C4-042F42A46CC3}.Release|Any CPU.Build.0 = Release|Any CPU
		{342ED120-7AAC-43FC-8C8D-329144E45958}.Debug|Any CPU.ActiveCfg = Debug|Any CPU
		{342ED120-7AAC-43FC-8C8D-329144E45958}.Debug|Any CPU.Build.0 = Debug|Any CPU
		{342ED120-7AAC-43FC-8C8D-329144E45958}.Release|Any CPU.ActiveCfg = Release|Any CPU
		{342ED120-7AAC-43FC-8C8D-329144E45958}.Release|Any CPU.Build.0 = Release|Any CPU
		{0914D691-8AFD-467A-B748-3E7DEB2BE13D}.Debug|Any CPU.ActiveCfg = Debug|Any CPU
		{0914D691-8AFD-467A-B748-3E7DEB2BE13D}.Debug|Any CPU.Build.0 = Debug|Any CPU
		{0914D691-8AFD-467A-B748-3E7DEB2BE13D}.Release|Any CPU.ActiveCfg = Release|Any CPU
		{0914D691-8AFD-467A-B748-3E7DEB2BE13D}.Release|Any CPU.Build.0 = Release|Any CPU
		{25640627-58A8-4BC1-98CA-3D3A24AC618E}.Debug|Any CPU.ActiveCfg = Debug|Any CPU
		{25640627-58A8-4BC1-98CA-3D3A24AC618E}.Debug|Any CPU.Build.0 = Debug|Any CPU
		{25640627-58A8-4BC1-98CA-3D3A24AC618E}.Release|Any CPU.ActiveCfg = Release|Any CPU
		{25640627-58A8-4BC1-98CA-3D3A24AC618E}.Release|Any CPU.Build.0 = Release|Any CPU
		{1260CC55-4DD7-4A47-A342-035AADCD88D9}.Debug|Any CPU.ActiveCfg = Debug|Any CPU
		{1260CC55-4DD7-4A47-A342-035AADCD88D9}.Debug|Any CPU.Build.0 = Debug|Any CPU
		{1260CC55-4DD7-4A47-A342-035AADCD88D9}.Release|Any CPU.ActiveCfg = Release|Any CPU
		{1260CC55-4DD7-4A47-A342-035AADCD88D9}.Release|Any CPU.Build.0 = Release|Any CPU
		{C5F289DB-537B-4266-9BA8-018CDD8F0554}.Debug|Any CPU.ActiveCfg = Debug|Any CPU
		{C5F289DB-537B-4266-9BA8-018CDD8F0554}.Debug|Any CPU.Build.0 = Debug|Any CPU
		{C5F289DB-537B-4266-9BA8-018CDD8F0554}.Release|Any CPU.ActiveCfg = Release|Any CPU
		{C5F289DB-537B-4266-9BA8-018CDD8F0554}.Release|Any CPU.Build.0 = Release|Any CPU
		{04E5E095-B48F-4887-B941-AB43199F3138}.Debug|Any CPU.ActiveCfg = Debug|Any CPU
		{04E5E095-B48F-4887-B941-AB43199F3138}.Debug|Any CPU.Build.0 = Debug|Any CPU
		{04E5E095-B48F-4887-B941-AB43199F3138}.Release|Any CPU.ActiveCfg = Release|Any CPU
		{04E5E095-B48F-4887-B941-AB43199F3138}.Release|Any CPU.Build.0 = Release|Any CPU
		{05F310EA-E557-4182-A20D-86EB308E5AE9}.Debug|Any CPU.ActiveCfg = Debug|Any CPU
		{05F310EA-E557-4182-A20D-86EB308E5AE9}.Debug|Any CPU.Build.0 = Debug|Any CPU
		{05F310EA-E557-4182-A20D-86EB308E5AE9}.Release|Any CPU.ActiveCfg = Release|Any CPU
		{05F310EA-E557-4182-A20D-86EB308E5AE9}.Release|Any CPU.Build.0 = Release|Any CPU
		{3EF7CABB-6378-49C8-A50F-4ACA8EA9672D}.Debug|Any CPU.ActiveCfg = Debug|Any CPU
		{3EF7CABB-6378-49C8-A50F-4ACA8EA9672D}.Debug|Any CPU.Build.0 = Debug|Any CPU
		{3EF7CABB-6378-49C8-A50F-4ACA8EA9672D}.Release|Any CPU.ActiveCfg = Release|Any CPU
		{3EF7CABB-6378-49C8-A50F-4ACA8EA9672D}.Release|Any CPU.Build.0 = Release|Any CPU
		{D57A1465-0721-4009-9DC6-AD2BB7A9CDA6}.Debug|Any CPU.ActiveCfg = Debug|Any CPU
		{D57A1465-0721-4009-9DC6-AD2BB7A9CDA6}.Debug|Any CPU.Build.0 = Debug|Any CPU
		{D57A1465-0721-4009-9DC6-AD2BB7A9CDA6}.Release|Any CPU.ActiveCfg = Release|Any CPU
		{D57A1465-0721-4009-9DC6-AD2BB7A9CDA6}.Release|Any CPU.Build.0 = Release|Any CPU
		{54DF7224-FEB5-4291-90D3-472EB18C1D68}.Debug|Any CPU.ActiveCfg = Debug|Any CPU
		{54DF7224-FEB5-4291-90D3-472EB18C1D68}.Debug|Any CPU.Build.0 = Debug|Any CPU
		{54DF7224-FEB5-4291-90D3-472EB18C1D68}.Release|Any CPU.ActiveCfg = Release|Any CPU
		{54DF7224-FEB5-4291-90D3-472EB18C1D68}.Release|Any CPU.Build.0 = Release|Any CPU
		{1AA0129F-56BA-4A25-8F21-47E7FA9A1E3D}.Debug|Any CPU.ActiveCfg = Debug|Any CPU
		{1AA0129F-56BA-4A25-8F21-47E7FA9A1E3D}.Debug|Any CPU.Build.0 = Debug|Any CPU
		{1AA0129F-56BA-4A25-8F21-47E7FA9A1E3D}.Release|Any CPU.ActiveCfg = Release|Any CPU
		{1AA0129F-56BA-4A25-8F21-47E7FA9A1E3D}.Release|Any CPU.Build.0 = Release|Any CPU
		{FF92BF2A-BFBD-4C3B-A589-909AB65048B5}.Debug|Any CPU.ActiveCfg = Debug|Any CPU
		{FF92BF2A-BFBD-4C3B-A589-909AB65048B5}.Debug|Any CPU.Build.0 = Debug|Any CPU
		{FF92BF2A-BFBD-4C3B-A589-909AB65048B5}.Release|Any CPU.ActiveCfg = Release|Any CPU
		{FF92BF2A-BFBD-4C3B-A589-909AB65048B5}.Release|Any CPU.Build.0 = Release|Any CPU
		{8D43060B-E8D0-4E03-8436-6EE132008FD8}.Debug|Any CPU.ActiveCfg = Debug|Any CPU
		{8D43060B-E8D0-4E03-8436-6EE132008FD8}.Debug|Any CPU.Build.0 = Debug|Any CPU
		{8D43060B-E8D0-4E03-8436-6EE132008FD8}.Release|Any CPU.ActiveCfg = Release|Any CPU
		{8D43060B-E8D0-4E03-8436-6EE132008FD8}.Release|Any CPU.Build.0 = Release|Any CPU
		{80AB7330-F9B3-4DE2-A5B2-0ADFC7BBC814}.Debug|Any CPU.ActiveCfg = Debug|Any CPU
		{80AB7330-F9B3-4DE2-A5B2-0ADFC7BBC814}.Debug|Any CPU.Build.0 = Debug|Any CPU
		{80AB7330-F9B3-4DE2-A5B2-0ADFC7BBC814}.Release|Any CPU.ActiveCfg = Release|Any CPU
		{80AB7330-F9B3-4DE2-A5B2-0ADFC7BBC814}.Release|Any CPU.Build.0 = Release|Any CPU
		{D369C2ED-A8A8-4BCD-9E22-FF260C084027}.Debug|Any CPU.ActiveCfg = Debug|Any CPU
		{D369C2ED-A8A8-4BCD-9E22-FF260C084027}.Debug|Any CPU.Build.0 = Debug|Any CPU
		{D369C2ED-A8A8-4BCD-9E22-FF260C084027}.Release|Any CPU.ActiveCfg = Release|Any CPU
		{D369C2ED-A8A8-4BCD-9E22-FF260C084027}.Release|Any CPU.Build.0 = Release|Any CPU
		{95EB96C0-7281-434D-ADF2-42FCEC9D580F}.Debug|Any CPU.ActiveCfg = Debug|Any CPU
		{95EB96C0-7281-434D-ADF2-42FCEC9D580F}.Debug|Any CPU.Build.0 = Debug|Any CPU
		{95EB96C0-7281-434D-ADF2-42FCEC9D580F}.Release|Any CPU.ActiveCfg = Release|Any CPU
		{95EB96C0-7281-434D-ADF2-42FCEC9D580F}.Release|Any CPU.Build.0 = Release|Any CPU
		{D7E81424-E26A-4B8E-A3A5-FE4BCD77F5B7}.Debug|Any CPU.ActiveCfg = Debug|Any CPU
		{D7E81424-E26A-4B8E-A3A5-FE4BCD77F5B7}.Debug|Any CPU.Build.0 = Debug|Any CPU
		{D7E81424-E26A-4B8E-A3A5-FE4BCD77F5B7}.Release|Any CPU.ActiveCfg = Release|Any CPU
		{D7E81424-E26A-4B8E-A3A5-FE4BCD77F5B7}.Release|Any CPU.Build.0 = Release|Any CPU
		{716F63F5-39F5-4695-A41A-FAAE87E09122}.Debug|Any CPU.ActiveCfg = Debug|Any CPU
		{716F63F5-39F5-4695-A41A-FAAE87E09122}.Debug|Any CPU.Build.0 = Debug|Any CPU
		{716F63F5-39F5-4695-A41A-FAAE87E09122}.Release|Any CPU.ActiveCfg = Release|Any CPU
		{716F63F5-39F5-4695-A41A-FAAE87E09122}.Release|Any CPU.Build.0 = Release|Any CPU
		{A2C7C469-3A69-47A4-9327-6BEF8861CCE6}.Debug|Any CPU.ActiveCfg = Debug|Any CPU
		{A2C7C469-3A69-47A4-9327-6BEF8861CCE6}.Debug|Any CPU.Build.0 = Debug|Any CPU
		{A2C7C469-3A69-47A4-9327-6BEF8861CCE6}.Release|Any CPU.ActiveCfg = Release|Any CPU
		{A2C7C469-3A69-47A4-9327-6BEF8861CCE6}.Release|Any CPU.Build.0 = Release|Any CPU
		{0CFE9C5E-FB7E-4D3D-A92F-4382C81C581A}.Debug|Any CPU.ActiveCfg = Debug|Any CPU
		{0CFE9C5E-FB7E-4D3D-A92F-4382C81C581A}.Debug|Any CPU.Build.0 = Debug|Any CPU
		{0CFE9C5E-FB7E-4D3D-A92F-4382C81C581A}.Release|Any CPU.ActiveCfg = Release|Any CPU
		{0CFE9C5E-FB7E-4D3D-A92F-4382C81C581A}.Release|Any CPU.Build.0 = Release|Any CPU
		{63205EAB-BD13-432D-BC1F-3D56BC40266F}.Debug|Any CPU.ActiveCfg = Debug|Any CPU
		{63205EAB-BD13-432D-BC1F-3D56BC40266F}.Debug|Any CPU.Build.0 = Debug|Any CPU
		{63205EAB-BD13-432D-BC1F-3D56BC40266F}.Release|Any CPU.ActiveCfg = Release|Any CPU
		{63205EAB-BD13-432D-BC1F-3D56BC40266F}.Release|Any CPU.Build.0 = Release|Any CPU
		{78C1082F-38B4-4DD8-9723-9A280AFBADB5}.Debug|Any CPU.ActiveCfg = Debug|Any CPU
		{78C1082F-38B4-4DD8-9723-9A280AFBADB5}.Debug|Any CPU.Build.0 = Debug|Any CPU
		{78C1082F-38B4-4DD8-9723-9A280AFBADB5}.Release|Any CPU.ActiveCfg = Release|Any CPU
		{78C1082F-38B4-4DD8-9723-9A280AFBADB5}.Release|Any CPU.Build.0 = Release|Any CPU
		{B7D58CDF-382E-4196-9A9A-9202AC2D52B4}.Debug|Any CPU.ActiveCfg = Debug|Any CPU
		{B7D58CDF-382E-4196-9A9A-9202AC2D52B4}.Debug|Any CPU.Build.0 = Debug|Any CPU
		{B7D58CDF-382E-4196-9A9A-9202AC2D52B4}.Release|Any CPU.ActiveCfg = Release|Any CPU
		{B7D58CDF-382E-4196-9A9A-9202AC2D52B4}.Release|Any CPU.Build.0 = Release|Any CPU
		{5E15FA37-2A0C-4382-9F03-EDF7B43C3715}.Debug|Any CPU.ActiveCfg = Debug|Any CPU
		{5E15FA37-2A0C-4382-9F03-EDF7B43C3715}.Debug|Any CPU.Build.0 = Debug|Any CPU
		{5E15FA37-2A0C-4382-9F03-EDF7B43C3715}.Release|Any CPU.ActiveCfg = Release|Any CPU
		{5E15FA37-2A0C-4382-9F03-EDF7B43C3715}.Release|Any CPU.Build.0 = Release|Any CPU
		{9E7CE11D-48BA-49A2-A9C5-B19913EB8EED}.Debug|Any CPU.ActiveCfg = Debug|Any CPU
		{9E7CE11D-48BA-49A2-A9C5-B19913EB8EED}.Debug|Any CPU.Build.0 = Debug|Any CPU
		{9E7CE11D-48BA-49A2-A9C5-B19913EB8EED}.Release|Any CPU.ActiveCfg = Release|Any CPU
		{9E7CE11D-48BA-49A2-A9C5-B19913EB8EED}.Release|Any CPU.Build.0 = Release|Any CPU
		{191A21EC-8E89-438D-A581-5ABDDFF24AEF}.Debug|Any CPU.ActiveCfg = Debug|Any CPU
		{191A21EC-8E89-438D-A581-5ABDDFF24AEF}.Debug|Any CPU.Build.0 = Debug|Any CPU
		{191A21EC-8E89-438D-A581-5ABDDFF24AEF}.Release|Any CPU.ActiveCfg = Release|Any CPU
		{191A21EC-8E89-438D-A581-5ABDDFF24AEF}.Release|Any CPU.Build.0 = Release|Any CPU
		{6E86F429-5BFE-4A2D-812C-DE745BCE09E3}.Debug|Any CPU.ActiveCfg = Debug|Any CPU
		{6E86F429-5BFE-4A2D-812C-DE745BCE09E3}.Debug|Any CPU.Build.0 = Debug|Any CPU
		{6E86F429-5BFE-4A2D-812C-DE745BCE09E3}.Release|Any CPU.ActiveCfg = Release|Any CPU
		{6E86F429-5BFE-4A2D-812C-DE745BCE09E3}.Release|Any CPU.Build.0 = Release|Any CPU
		{531644F8-3424-4324-BE74-2F70DF25FCCA}.Debug|Any CPU.ActiveCfg = Debug|Any CPU
		{531644F8-3424-4324-BE74-2F70DF25FCCA}.Debug|Any CPU.Build.0 = Debug|Any CPU
		{531644F8-3424-4324-BE74-2F70DF25FCCA}.Release|Any CPU.ActiveCfg = Release|Any CPU
		{531644F8-3424-4324-BE74-2F70DF25FCCA}.Release|Any CPU.Build.0 = Release|Any CPU
		{E12DA0C1-3A35-4C2A-AA30-728528A940A0}.Debug|Any CPU.ActiveCfg = Debug|Any CPU
		{E12DA0C1-3A35-4C2A-AA30-728528A940A0}.Debug|Any CPU.Build.0 = Debug|Any CPU
		{E12DA0C1-3A35-4C2A-AA30-728528A940A0}.Release|Any CPU.ActiveCfg = Release|Any CPU
		{E12DA0C1-3A35-4C2A-AA30-728528A940A0}.Release|Any CPU.Build.0 = Release|Any CPU
		{4069E210-773A-4A30-BC15-71279A91122D}.Debug|Any CPU.ActiveCfg = Debug|Any CPU
		{4069E210-773A-4A30-BC15-71279A91122D}.Debug|Any CPU.Build.0 = Debug|Any CPU
		{4069E210-773A-4A30-BC15-71279A91122D}.Release|Any CPU.ActiveCfg = Release|Any CPU
		{4069E210-773A-4A30-BC15-71279A91122D}.Release|Any CPU.Build.0 = Release|Any CPU
	EndGlobalSection
	GlobalSection(SolutionProperties) = preSolution
		HideSolutionNode = FALSE
	EndGlobalSection
	GlobalSection(ExtensibilityGlobals) = postSolution
		SolutionGuid = {A3408581-E378-4268-8928-270EDECED18E}
	EndGlobalSection
EndGlobal
