
Microsoft Visual Studio Solution File, Format Version 12.00
# Visual Studio 15
VisualStudioVersion = 15.0.28307.1062
MinimumVisualStudioVersion = 10.0.40219.1
Project("{F184B08F-C81C-45F6-A57F-5ABD9991F28F}") = "LendingQB.QuickPricer", "LendingQB.QuickPricer.vbproj", "{4069E210-773A-4A30-BC15-71279A91122D}"
EndProject
Global
	GlobalSection(SolutionConfigurationPlatforms) = preSolution
		Debug|Any CPU = Debug|Any CPU
		Release|Any CPU = Release|Any CPU
	EndGlobalSection
	GlobalSection(ProjectConfigurationPlatforms) = postSolution
		{4069E210-773A-4A30-BC15-71279A91122D}.Debug|Any CPU.ActiveCfg = Debug|Any CPU
		{4069E210-773A-4A30-BC15-71279A91122D}.Debug|Any CPU.Build.0 = Debug|Any CPU
		{4069E210-773A-4A30-BC15-71279A91122D}.Release|Any CPU.ActiveCfg = Release|Any CPU
		{4069E210-773A-4A30-BC15-71279A91122D}.Release|Any CPU.Build.0 = Release|Any CPU
	EndGlobalSection
	GlobalSection(SolutionProperties) = preSolution
		HideSolutionNode = FALSE
	EndGlobalSection
	GlobalSection(ExtensibilityGlobals) = postSolution
		SolutionGuid = {1FE705E4-DDBE-4F01-9047-7B7CCF3D982B}
	EndGlobalSection
EndGlobal
