
Microsoft Visual Studio Solution File, Format Version 12.00
# Visual Studio 15
VisualStudioVersion = 15.0.28307.1082
MinimumVisualStudioVersion = 10.0.40219.1
Project("{F184B08F-C81C-45F6-A57F-5ABD9991F28F}") = "JXChange20111", "JXChange20111\JXChange20111.vbproj", "{D9CF4DBE-E35F-4CD7-884B-241006B584FD}"
EndProject
Project("{F184B08F-C81C-45F6-A57F-5ABD9991F28F}") = "JXChange20110", "JXChange20110\JXChange20110.vbproj", "{191A21EC-8E89-438D-A581-5ABDDFF24AEF}"
EndProject
Project("{F184B08F-C81C-45F6-A57F-5ABD9991F28F}") = "JXChange201211", "JXChange201211\JXChange201211.vbproj", "{F2D70157-4E7A-4224-8D43-FE7FE123C8D3}"
EndProject
Project("{F184B08F-C81C-45F6-A57F-5ABD9991F28F}") = "JXChange2013100", "JXChange2013100\JXChange2013100.vbproj", "{DCF1B97F-84B2-4497-84F4-CB89522A2CF0}"
EndProject
Project("{F184B08F-C81C-45F6-A57F-5ABD9991F28F}") = "JXChange2013101", "JXChange2013101\JXChange2013101.vbproj", "{ED3BA942-79C6-4840-A05D-0BC823F6021B}"
EndProject
Project("{F184B08F-C81C-45F6-A57F-5ABD9991F28F}") = "JXChange2014008", "JXChange2014008\JXChange2014008.vbproj", "{C044B2A7-FADA-463C-8E5C-C720A6DF20DF}"
EndProject
Project("{F184B08F-C81C-45F6-A57F-5ABD9991F28F}") = "JXChange2017302", "JXChange2017302\JXChange2017302.vbproj", "{D369C2ED-A8A8-4BCD-9E22-FF260C084027}"
EndProject
Project("{F184B08F-C81C-45F6-A57F-5ABD9991F28F}") = "JXChange2019003", "JXChange2019003\JXChange2019003.vbproj", "{9EC83242-F54C-4C7A-81C8-96D2793F746C}"
EndProject
Global
	GlobalSection(SolutionConfigurationPlatforms) = preSolution
		Debug|Any CPU = Debug|Any CPU
		Release|Any CPU = Release|Any CPU
	EndGlobalSection
	GlobalSection(ProjectConfigurationPlatforms) = postSolution
		{D9CF4DBE-E35F-4CD7-884B-241006B584FD}.Debug|Any CPU.ActiveCfg = Release|Any CPU
		{D9CF4DBE-E35F-4CD7-884B-241006B584FD}.Debug|Any CPU.Build.0 = Release|Any CPU
		{D9CF4DBE-E35F-4CD7-884B-241006B584FD}.Release|Any CPU.ActiveCfg = Release|Any CPU
		{D9CF4DBE-E35F-4CD7-884B-241006B584FD}.Release|Any CPU.Build.0 = Release|Any CPU
		{191A21EC-8E89-438D-A581-5ABDDFF24AEF}.Debug|Any CPU.ActiveCfg = Release|Any CPU
		{191A21EC-8E89-438D-A581-5ABDDFF24AEF}.Debug|Any CPU.Build.0 = Release|Any CPU
		{191A21EC-8E89-438D-A581-5ABDDFF24AEF}.Release|Any CPU.ActiveCfg = Release|Any CPU
		{191A21EC-8E89-438D-A581-5ABDDFF24AEF}.Release|Any CPU.Build.0 = Release|Any CPU
		{F2D70157-4E7A-4224-8D43-FE7FE123C8D3}.Debug|Any CPU.ActiveCfg = Release|Any CPU
		{F2D70157-4E7A-4224-8D43-FE7FE123C8D3}.Debug|Any CPU.Build.0 = Release|Any CPU
		{F2D70157-4E7A-4224-8D43-FE7FE123C8D3}.Release|Any CPU.ActiveCfg = Release|Any CPU
		{F2D70157-4E7A-4224-8D43-FE7FE123C8D3}.Release|Any CPU.Build.0 = Release|Any CPU
		{DCF1B97F-84B2-4497-84F4-CB89522A2CF0}.Debug|Any CPU.ActiveCfg = Release|Any CPU
		{DCF1B97F-84B2-4497-84F4-CB89522A2CF0}.Debug|Any CPU.Build.0 = Release|Any CPU
		{DCF1B97F-84B2-4497-84F4-CB89522A2CF0}.Release|Any CPU.ActiveCfg = Release|Any CPU
		{DCF1B97F-84B2-4497-84F4-CB89522A2CF0}.Release|Any CPU.Build.0 = Release|Any CPU
		{ED3BA942-79C6-4840-A05D-0BC823F6021B}.Debug|Any CPU.ActiveCfg = Release|Any CPU
		{ED3BA942-79C6-4840-A05D-0BC823F6021B}.Debug|Any CPU.Build.0 = Release|Any CPU
		{ED3BA942-79C6-4840-A05D-0BC823F6021B}.Release|Any CPU.ActiveCfg = Release|Any CPU
		{ED3BA942-79C6-4840-A05D-0BC823F6021B}.Release|Any CPU.Build.0 = Release|Any CPU
		{C044B2A7-FADA-463C-8E5C-C720A6DF20DF}.Debug|Any CPU.ActiveCfg = Release|Any CPU
		{C044B2A7-FADA-463C-8E5C-C720A6DF20DF}.Debug|Any CPU.Build.0 = Release|Any CPU
		{C044B2A7-FADA-463C-8E5C-C720A6DF20DF}.Release|Any CPU.ActiveCfg = Release|Any CPU
		{C044B2A7-FADA-463C-8E5C-C720A6DF20DF}.Release|Any CPU.Build.0 = Release|Any CPU
		{D369C2ED-A8A8-4BCD-9E22-FF260C084027}.Debug|Any CPU.ActiveCfg = Release|Any CPU
		{D369C2ED-A8A8-4BCD-9E22-FF260C084027}.Debug|Any CPU.Build.0 = Release|Any CPU
		{D369C2ED-A8A8-4BCD-9E22-FF260C084027}.Release|Any CPU.ActiveCfg = Release|Any CPU
		{D369C2ED-A8A8-4BCD-9E22-FF260C084027}.Release|Any CPU.Build.0 = Release|Any CPU
		{9EC83242-F54C-4C7A-81C8-96D2793F746C}.Debug|Any CPU.ActiveCfg = Release|Any CPU
		{9EC83242-F54C-4C7A-81C8-96D2793F746C}.Debug|Any CPU.Build.0 = Release|Any CPU
		{9EC83242-F54C-4C7A-81C8-96D2793F746C}.Release|Any CPU.ActiveCfg = Release|Any CPU
		{9EC83242-F54C-4C7A-81C8-96D2793F746C}.Release|Any CPU.Build.0 = Release|Any CPU
	EndGlobalSection
	GlobalSection(SolutionProperties) = preSolution
		HideSolutionNode = FALSE
	EndGlobalSection
	GlobalSection(ExtensibilityGlobals) = postSolution
		SolutionGuid = {DEDFC40E-F88C-4CE7-938B-30DB28944C29}
	EndGlobalSection
EndGlobal
