
Microsoft Visual Studio Solution File, Format Version 12.00
# Visual Studio Version 16
VisualStudioVersion = 16.0.29728.190
MinimumVisualStudioVersion = 10.0.40219.1
Project("{F184B08F-C81C-45F6-A57F-5ABD9991F28F}") = "OpenPath_2012_1_0_24", "OpenPath_2012_1_0_24\OpenPath_2012_1_0_24.vbproj", "{7F0BB546-E22B-48DA-9995-0878A950C549}"
EndProject
Project("{F184B08F-C81C-45F6-A57F-5ABD9991F28F}") = "OpenPath_2012_1_1_0", "OpenPath_2012_1_1_0\OpenPath_2012_1_1_0.vbproj", "{19E61C48-84C6-423B-A2C8-B2C3DF2AB70D}"
EndProject
Project("{F184B08F-C81C-45F6-A57F-5ABD9991F28F}") = "OpenPath_2012_1_7_0", "OpenPath_2012_1_7_0\OpenPath_2012_1_7_0.vbproj", "{399F6C29-63E8-4B73-8DD7-63F5C7AB21BD}"
EndProject
Project("{F184B08F-C81C-45F6-A57F-5ABD9991F28F}") = "OpenPath_2013_1_0_3", "OpenPath_2013_1_0_3\OpenPath_2013_1_0_3.vbproj", "{C724AFA7-44FB-442C-B4A8-481C495947AF}"
EndProject
Project("{F184B08F-C81C-45F6-A57F-5ABD9991F28F}") = "OpenPath_2013_1_1_15", "OpenPath_2013_1_1_15\OpenPath_2013_1_1_15.vbproj", "{D1801F50-C878-4BAD-BB23-3EC41B91DBB5}"
EndProject
Project("{F184B08F-C81C-45F6-A57F-5ABD9991F28F}") = "OpenPath_2013_1_3_2", "OpenPath_2013_1_3_2\OpenPath_2013_1_3_2.vbproj", "{220939AD-0703-401A-AC37-BA5DC87E4880}"
EndProject
Project("{F184B08F-C81C-45F6-A57F-5ABD9991F28F}") = "OpenPath_2014_0_0_30", "OpenPath_2014_0_0_30\OpenPath_2014_0_0_30.vbproj", "{30351600-87F8-48DE-AC05-D4D16447D812}"
EndProject
Project("{F184B08F-C81C-45F6-A57F-5ABD9991F28F}") = "OpenPath_2015_4_0_2", "OpenPath_2015_4_0_2\OpenPath_2015_4_0_2.vbproj", "{A2C7C469-3A69-47A4-9327-6BEF8861CCE6}"
EndProject
Project("{F184B08F-C81C-45F6-A57F-5ABD9991F28F}") = "OpenPath_2015_5_0_0", "OpenPath_2015_5_0_0\OpenPath_2015_5_0_0.vbproj", "{0CFE9C5E-FB7E-4D3D-A92F-4382C81C581A}"
EndProject
Project("{F184B08F-C81C-45F6-A57F-5ABD9991F28F}") = "OpenPath_2016_0_0_85", "OpenPath_2016_0_0_85\OpenPath_2016_0_0_85.vbproj", "{63205EAB-BD13-432D-BC1F-3D56BC40266F}"
EndProject
Project("{F184B08F-C81C-45F6-A57F-5ABD9991F28F}") = "OpenPath_2018_1_1_16", "OpenPath_2018_1_1_16\OpenPath_2018_1_1_16.vbproj", "{78C1082F-38B4-4DD8-9723-9A280AFBADB5}"
EndProject
Project("{F184B08F-C81C-45F6-A57F-5ABD9991F28F}") = "OpenPath_2018_3_1_55", "OpenPath_2018_3_1_55\OpenPath_2018_3_1_55.vbproj", "{5C50C49B-6EE1-40BA-9086-BE641962D69B}"
EndProject
Project("{F184B08F-C81C-45F6-A57F-5ABD9991F28F}") = "OpenPath_2019_1_1_72", "OpenPath_2019_1_1_72\OpenPath_2019_1_1_72.vbproj", "{C4CBB141-C2EC-4E53-8FA9-ABD0A2CAB841}"
EndProject
Project("{F184B08F-C81C-45F6-A57F-5ABD9991F28F}") = "OpenPath_2019_2_2_36", "OpenPath_2019_2_2_36\OpenPath_2019_2_2_36.vbproj", "{8C261A31-CBBD-4770-BB68-652BAE2D0017}"
EndProject
Project("{F184B08F-C81C-45F6-A57F-5ABD9991F28F}") = "OpenPath_2020_2_2_13", "OpenPath_2020_2_2_13\OpenPath_2020_2_2_13.vbproj", "{C46C2BC1-3911-4253-8571-75F26F7B1FA1}"
EndProject
Global
	GlobalSection(SolutionConfigurationPlatforms) = preSolution
		Debug|Any CPU = Debug|Any CPU
		Release|Any CPU = Release|Any CPU
	EndGlobalSection
	GlobalSection(ProjectConfigurationPlatforms) = postSolution
		{7F0BB546-E22B-48DA-9995-0878A950C549}.Debug|Any CPU.ActiveCfg = Release|Any CPU
		{7F0BB546-E22B-48DA-9995-0878A950C549}.Debug|Any CPU.Build.0 = Release|Any CPU
		{7F0BB546-E22B-48DA-9995-0878A950C549}.Release|Any CPU.ActiveCfg = Release|Any CPU
		{7F0BB546-E22B-48DA-9995-0878A950C549}.Release|Any CPU.Build.0 = Release|Any CPU
		{19E61C48-84C6-423B-A2C8-B2C3DF2AB70D}.Debug|Any CPU.ActiveCfg = Release|Any CPU
		{19E61C48-84C6-423B-A2C8-B2C3DF2AB70D}.Debug|Any CPU.Build.0 = Release|Any CPU
		{19E61C48-84C6-423B-A2C8-B2C3DF2AB70D}.Release|Any CPU.ActiveCfg = Release|Any CPU
		{19E61C48-84C6-423B-A2C8-B2C3DF2AB70D}.Release|Any CPU.Build.0 = Release|Any CPU
		{399F6C29-63E8-4B73-8DD7-63F5C7AB21BD}.Debug|Any CPU.ActiveCfg = Release|Any CPU
		{399F6C29-63E8-4B73-8DD7-63F5C7AB21BD}.Debug|Any CPU.Build.0 = Release|Any CPU
		{399F6C29-63E8-4B73-8DD7-63F5C7AB21BD}.Release|Any CPU.ActiveCfg = Release|Any CPU
		{399F6C29-63E8-4B73-8DD7-63F5C7AB21BD}.Release|Any CPU.Build.0 = Release|Any CPU
		{C724AFA7-44FB-442C-B4A8-481C495947AF}.Debug|Any CPU.ActiveCfg = Release|Any CPU
		{C724AFA7-44FB-442C-B4A8-481C495947AF}.Debug|Any CPU.Build.0 = Release|Any CPU
		{C724AFA7-44FB-442C-B4A8-481C495947AF}.Release|Any CPU.ActiveCfg = Release|Any CPU
		{C724AFA7-44FB-442C-B4A8-481C495947AF}.Release|Any CPU.Build.0 = Release|Any CPU
		{D1801F50-C878-4BAD-BB23-3EC41B91DBB5}.Debug|Any CPU.ActiveCfg = Release|Any CPU
		{D1801F50-C878-4BAD-BB23-3EC41B91DBB5}.Debug|Any CPU.Build.0 = Release|Any CPU
		{D1801F50-C878-4BAD-BB23-3EC41B91DBB5}.Release|Any CPU.ActiveCfg = Release|Any CPU
		{D1801F50-C878-4BAD-BB23-3EC41B91DBB5}.Release|Any CPU.Build.0 = Release|Any CPU
		{220939AD-0703-401A-AC37-BA5DC87E4880}.Debug|Any CPU.ActiveCfg = Release|Any CPU
		{220939AD-0703-401A-AC37-BA5DC87E4880}.Debug|Any CPU.Build.0 = Release|Any CPU
		{220939AD-0703-401A-AC37-BA5DC87E4880}.Release|Any CPU.ActiveCfg = Release|Any CPU
		{220939AD-0703-401A-AC37-BA5DC87E4880}.Release|Any CPU.Build.0 = Release|Any CPU
		{30351600-87F8-48DE-AC05-D4D16447D812}.Debug|Any CPU.ActiveCfg = Release|Any CPU
		{30351600-87F8-48DE-AC05-D4D16447D812}.Debug|Any CPU.Build.0 = Release|Any CPU
		{30351600-87F8-48DE-AC05-D4D16447D812}.Release|Any CPU.ActiveCfg = Release|Any CPU
		{30351600-87F8-48DE-AC05-D4D16447D812}.Release|Any CPU.Build.0 = Release|Any CPU
		{A2C7C469-3A69-47A4-9327-6BEF8861CCE6}.Debug|Any CPU.ActiveCfg = Release|Any CPU
		{A2C7C469-3A69-47A4-9327-6BEF8861CCE6}.Debug|Any CPU.Build.0 = Release|Any CPU
		{A2C7C469-3A69-47A4-9327-6BEF8861CCE6}.Release|Any CPU.ActiveCfg = Release|Any CPU
		{A2C7C469-3A69-47A4-9327-6BEF8861CCE6}.Release|Any CPU.Build.0 = Release|Any CPU
		{0CFE9C5E-FB7E-4D3D-A92F-4382C81C581A}.Debug|Any CPU.ActiveCfg = Release|Any CPU
		{0CFE9C5E-FB7E-4D3D-A92F-4382C81C581A}.Debug|Any CPU.Build.0 = Release|Any CPU
		{0CFE9C5E-FB7E-4D3D-A92F-4382C81C581A}.Release|Any CPU.ActiveCfg = Release|Any CPU
		{0CFE9C5E-FB7E-4D3D-A92F-4382C81C581A}.Release|Any CPU.Build.0 = Release|Any CPU
		{63205EAB-BD13-432D-BC1F-3D56BC40266F}.Debug|Any CPU.ActiveCfg = Release|Any CPU
		{63205EAB-BD13-432D-BC1F-3D56BC40266F}.Debug|Any CPU.Build.0 = Release|Any CPU
		{63205EAB-BD13-432D-BC1F-3D56BC40266F}.Release|Any CPU.ActiveCfg = Release|Any CPU
		{63205EAB-BD13-432D-BC1F-3D56BC40266F}.Release|Any CPU.Build.0 = Release|Any CPU
		{78C1082F-38B4-4DD8-9723-9A280AFBADB5}.Debug|Any CPU.ActiveCfg = Release|Any CPU
		{78C1082F-38B4-4DD8-9723-9A280AFBADB5}.Debug|Any CPU.Build.0 = Release|Any CPU
		{78C1082F-38B4-4DD8-9723-9A280AFBADB5}.Release|Any CPU.ActiveCfg = Release|Any CPU
		{78C1082F-38B4-4DD8-9723-9A280AFBADB5}.Release|Any CPU.Build.0 = Release|Any CPU
		{5C50C49B-6EE1-40BA-9086-BE641962D69B}.Debug|Any CPU.ActiveCfg = Release|Any CPU
		{5C50C49B-6EE1-40BA-9086-BE641962D69B}.Debug|Any CPU.Build.0 = Release|Any CPU
		{5C50C49B-6EE1-40BA-9086-BE641962D69B}.Release|Any CPU.ActiveCfg = Release|Any CPU
		{5C50C49B-6EE1-40BA-9086-BE641962D69B}.Release|Any CPU.Build.0 = Release|Any CPU
		{C4CBB141-C2EC-4E53-8FA9-ABD0A2CAB841}.Debug|Any CPU.ActiveCfg = Release|Any CPU
		{C4CBB141-C2EC-4E53-8FA9-ABD0A2CAB841}.Debug|Any CPU.Build.0 = Release|Any CPU
		{C4CBB141-C2EC-4E53-8FA9-ABD0A2CAB841}.Release|Any CPU.ActiveCfg = Release|Any CPU
		{C4CBB141-C2EC-4E53-8FA9-ABD0A2CAB841}.Release|Any CPU.Build.0 = Release|Any CPU
		{8C261A31-CBBD-4770-BB68-652BAE2D0017}.Debug|Any CPU.ActiveCfg = Release|Any CPU
		{8C261A31-CBBD-4770-BB68-652BAE2D0017}.Debug|Any CPU.Build.0 = Release|Any CPU
		{8C261A31-CBBD-4770-BB68-652BAE2D0017}.Release|Any CPU.ActiveCfg = Release|Any CPU
		{8C261A31-CBBD-4770-BB68-652BAE2D0017}.Release|Any CPU.Build.0 = Release|Any CPU
		{C46C2BC1-3911-4253-8571-75F26F7B1FA1}.Debug|Any CPU.ActiveCfg = Release|Any CPU
		{C46C2BC1-3911-4253-8571-75F26F7B1FA1}.Debug|Any CPU.Build.0 = Release|Any CPU
		{C46C2BC1-3911-4253-8571-75F26F7B1FA1}.Release|Any CPU.ActiveCfg = Release|Any CPU
		{C46C2BC1-3911-4253-8571-75F26F7B1FA1}.Release|Any CPU.Build.0 = Release|Any CPU
	EndGlobalSection
	GlobalSection(SolutionProperties) = preSolution
		HideSolutionNode = FALSE
	EndGlobalSection
	GlobalSection(ExtensibilityGlobals) = postSolution
		SolutionGuid = {A91E15FF-BDAA-4FA3-ABF4-31E6FB746C88}
	EndGlobalSection
EndGlobal
